{
  "name": "hs-packages",
  "version": "0.0.0",
  "lockfileVersion": 2,
  "requires": true,
  "packages": {
    "": {
      "name": "hs-packages",
      "version": "0.0.0",
      "license": "MIT",
      "dependencies": {
        "bcfg": "git+https://github.com/bcoin-org/bcfg.git#semver:0.1.7",
        "bfile": "git+https://github.com/bcoin-org/bfile.git#semver:0.2.2",
        "blgr": "github:bcoin-org/blgr#semver:0.2.0",
        "bmutex": "git+https://github.com/bcoin-org/bmutex.git#semver:0.1.6"
      }
    },
    "node_modules/bcfg": {
      "version": "0.1.7",
      "resolved": "git+ssh://git@github.com/bcoin-org/bcfg.git#05122154b35baa82cd01dc9478ebee7346386ba1",
      "license": "MIT",
      "dependencies": {
        "bsert": "~0.0.10"
      },
      "engines": {
        "node": ">=8.0.0"
      }
    },
    "node_modules/bfile": {
      "version": "0.2.2",
      "resolved": "git+ssh://git@github.com/bcoin-org/bfile.git#c3075133a02830dc384f8353d8275d4499b8bff9",
      "license": "MIT",
      "engines": {
        "node": ">=8.0.0"
      }
    },
    "node_modules/blgr": {
      "version": "0.2.0",
      "resolved": "git+ssh://git@github.com/bcoin-org/blgr.git#050cbb587a1654a078468dbb92606330fdc4d120",
      "license": "MIT",
      "dependencies": {
        "bsert": "~0.0.10"
      },
      "engines": {
        "node": ">=8.0.0"
      }
    },
    "node_modules/bmutex": {
      "version": "0.1.6",
      "resolved": "git+ssh://git@github.com/bcoin-org/bmutex.git#e50782323932a4946ecc05a74c6d45861adc2c25",
      "license": "MIT",
      "dependencies": {
        "bsert": "~0.0.10"
      },
      "engines": {
        "node": ">=8.0.0"
      }
    },
    "node_modules/bsert": {
      "version": "0.0.10",
      "resolved": "https://registry.npmjs.org/bsert/-/bsert-0.0.10.tgz",
      "integrity": "sha512-NHNwlac+WPy4t2LoNh8pXk8uaIGH3NSaIUbTTRXGpE2WEbq0te/tDykYHkFK57YKLPjv/aGHmbqvnGeVWDz57Q==",
      "engines": {
        "node": ">=8.0.0"
      }
    }
  },
  "dependencies": {
    "bcfg": {
      "version": "git+ssh://git@github.com/bcoin-org/bcfg.git#05122154b35baa82cd01dc9478ebee7346386ba1",
      "from": "bcfg@git+https://github.com/bcoin-org/bcfg.git#semver:0.1.7",
      "requires": {
        "bsert": "~0.0.10"
      }
    },
    "bfile": {
      "version": "git+ssh://git@github.com/bcoin-org/bfile.git#c3075133a02830dc384f8353d8275d4499b8bff9",
      "from": "bfile@git+https://github.com/bcoin-org/bfile.git#semver:0.2.2"
    },
    "blgr": {
      "version": "git+ssh://git@github.com/bcoin-org/blgr.git#050cbb587a1654a078468dbb92606330fdc4d120",
      "from": "blgr@git+https://github.com/bcoin-org/blgr.git#semver:0.2.0",
      "requires": {
        "bsert": "~0.0.10"
      }
    },
    "bmutex": {
      "version": "git+ssh://git@github.com/bcoin-org/bmutex.git#e50782323932a4946ecc05a74c6d45861adc2c25",
      "from": "bmutex@git+https://github.com/bcoin-org/bmutex.git#semver:0.1.6",
      "requires": {
        "bsert": "~0.0.10"
      }
    },
    "bsert": {
      "version": "0.0.10",
      "resolved": "https://registry.npmjs.org/bsert/-/bsert-0.0.10.tgz",
      "integrity": "sha512-NHNwlac+WPy4t2LoNh8pXk8uaIGH3NSaIUbTTRXGpE2WEbq0te/tDykYHkFK57YKLPjv/aGHmbqvnGeVWDz57Q=="
    }
  }
}
