{
  "name": "hsd-tools",
  "version": "0.0.2",
  "lockfileVersion": 2,
  "requires": true,
  "packages": {
    "": {
      "name": "hsd-tools",
      "version": "0.0.2",
      "license": "MIT",
      "dependencies": {
        "bcfg": "~0.2.2",
        "bfile": "~0.2.3",
        "blgr": "~0.2.1",
        "bmutex": "~0.1.7",
        "brq": "~0.2.1"
      },
      "bin": {
        "hsd-tools": "bin/hsd-tools"
      }
    },
    "node_modules/bcfg": {
      "version": "0.2.2",
      "resolved": "https://registry.npmjs.org/bcfg/-/bcfg-0.2.2.tgz",
      "integrity": "sha512-xa7hYK8ZgEV/Wjh+EJiKLLd+h8A0HGyhyntNMvKCeXIGepLqKUL3KYOE5zFz8EBv8sS3XruD5YPmYIjtwFOrZA==",
      "license": "MIT",
      "dependencies": {
        "bsert": "~0.0.12"
      },
      "engines": {
        "node": ">=14.0.0"
      }
    },
    "node_modules/bfile": {
      "version": "0.2.3",
      "resolved": "https://registry.npmjs.org/bfile/-/bfile-0.2.3.tgz",
      "integrity": "sha512-BhbmCLqDC+u8rPSeB/I8bRC8luQoUt+wD326CECXYXtE5GyTWL/q/OkNp58aH7XEREguEItvqM18s9vXLvg6fw==",
      "license": "MIT",
      "engines": {
        "node": ">=8.0.0"
      }
    },
    "node_modules/blgr": {
      "version": "0.2.1",
      "resolved": "https://registry.npmjs.org/blgr/-/blgr-0.2.1.tgz",
      "integrity": "sha512-ShNWkj8qxjf0JEwDt1h675Lgx9EV8a2lRWVWtZrptqg/tIrISv0TM7s+NVNXEwyIlQYYIu4lQqjlGRYWUn4g5Q==",
      "license": "MIT",
      "dependencies": {
        "bsert": "~0.0.12"
      },
      "engines": {
        "node": ">=8.0.0"
      }
    },
    "node_modules/bmutex": {
      "version": "0.1.7",
      "resolved": "https://registry.npmjs.org/bmutex/-/bmutex-0.1.7.tgz",
      "integrity": "sha512-czuDM58Y1LCT7V0t9NHd0j4l7A3IBovXNvWrmmCcdKsulEgGcahTGqrWNidvWFv2dhiuvQmUzaLf6AT00+FLFw==",
      "license": "MIT",
      "dependencies": {
        "bsert": "~0.0.12"
      },
      "engines": {
        "node": ">=8.0.0"
      }
    },
    "node_modules/brq": {
      "version": "0.2.1",
      "resolved": "https://registry.npmjs.org/brq/-/brq-0.2.1.tgz",
      "integrity": "sha512-awROR8tXV/KNjcmyUyrP4TvTZA1uSx/LSp4XmdvcOvfq6UR3gYAJtRYhWR8qcXzwUQnEcZ5yuj2uBN7owlsctw==",
      "license": "MIT",
      "dependencies": {
        "bsert": "~0.0.12"
      },
      "engines": {
        "node": ">=8.0.0"
      }
    },
    "node_modules/bsert": {
      "version": "0.0.13",
      "resolved": "https://registry.npmjs.org/bsert/-/bsert-0.0.13.tgz",
      "integrity": "sha512-gYzSj8I2lDTKvl4aRSYs2CZIpeJugq7RjGhLRG+Jl//gEW5B2u1MKB6exVCL09FqYj6JRQAAgRwQHMOWvr7A8A==",
      "license": "MIT",
      "engines": {
        "node": ">=8.0.0"
      }
    }
  },
  "dependencies": {
    "bcfg": {
      "version": "0.2.2",
      "resolved": "https://registry.npmjs.org/bcfg/-/bcfg-0.2.2.tgz",
      "integrity": "sha512-xa7hYK8ZgEV/Wjh+EJiKLLd+h8A0HGyhyntNMvKCeXIGepLqKUL3KYOE5zFz8EBv8sS3XruD5YPmYIjtwFOrZA==",
      "requires": {
        "bsert": "~0.0.12"
      }
    },
    "bfile": {
      "version": "0.2.3",
      "resolved": "https://registry.npmjs.org/bfile/-/bfile-0.2.3.tgz",
      "integrity": "sha512-BhbmCLqDC+u8rPSeB/I8bRC8luQoUt+wD326CECXYXtE5GyTWL/q/OkNp58aH7XEREguEItvqM18s9vXLvg6fw=="
    },
    "blgr": {
      "version": "0.2.1",
      "resolved": "https://registry.npmjs.org/blgr/-/blgr-0.2.1.tgz",
      "integrity": "sha512-ShNWkj8qxjf0JEwDt1h675Lgx9EV8a2lRWVWtZrptqg/tIrISv0TM7s+NVNXEwyIlQYYIu4lQqjlGRYWUn4g5Q==",
      "requires": {
        "bsert": "~0.0.12"
      }
    },
    "bmutex": {
      "version": "0.1.7",
      "resolved": "https://registry.npmjs.org/bmutex/-/bmutex-0.1.7.tgz",
      "integrity": "sha512-czuDM58Y1LCT7V0t9NHd0j4l7A3IBovXNvWrmmCcdKsulEgGcahTGqrWNidvWFv2dhiuvQmUzaLf6AT00+FLFw==",
      "requires": {
        "bsert": "~0.0.12"
      }
    },
    "brq": {
      "version": "0.2.1",
      "resolved": "https://registry.npmjs.org/brq/-/brq-0.2.1.tgz",
      "integrity": "sha512-awROR8tXV/KNjcmyUyrP4TvTZA1uSx/LSp4XmdvcOvfq6UR3gYAJtRYhWR8qcXzwUQnEcZ5yuj2uBN7owlsctw==",
      "requires": {
        "bsert": "~0.0.12"
      }
    },
    "bsert": {
      "version": "0.0.13",
      "resolved": "https://registry.npmjs.org/bsert/-/bsert-0.0.13.tgz",
      "integrity": "sha512-gYzSj8I2lDTKvl4aRSYs2CZIpeJugq7RjGhLRG+Jl//gEW5B2u1MKB6exVCL09FqYj6JRQAAgRwQHMOWvr7A8A=="
    }
  }
}
